
Microsoft Visual Studio Solution File, Format Version 12.00
# Visual Studio Version 17
VisualStudioVersion = 17.0.31912.275
MinimumVisualStudioVersion = 10.0.40219.1
Project("{8BC9CEB8-8B4A-11D0-8D11-00A0C91BC942}") = "FirstDirectX", "FirstDirectX.vcxproj", "{AF51FAD4-9AE8-49BF-863E-226A23A8C67E}"
EndProject
Global
	GlobalSection(SolutionConfigurationPlatforms) = preSolution
		Debug|x64 = Debug|x64
		Debug|x86 = Debug|x86
		Release|x64 = Release|x64
		Release|x86 = Release|x86
	EndGlobalSection
	GlobalSection(ProjectConfigurationPlatforms) = postSolution
		{AF51FAD4-9AE8-49BF-863E-226A23A8C67E}.Debug|x64.ActiveCfg = Debug|x64
		{AF51FAD4-9AE8-49BF-863E-226A23A8C67E}.Debug|x64.Build.0 = Debug|x64
		{AF51FAD4-9AE8-49BF-863E-226A23A8C67E}.Debug|x86.ActiveCfg = Debug|Win32
		{AF51FAD4-9AE8-49BF-863E-226A23A8C67E}.Debug|x86.Build.0 = Debug|Win32
		{AF51FAD4-9AE8-49BF-863E-226A23A8C67E}.Release|x64.ActiveCfg = Release|x64
		{AF51FAD4-9AE8-49BF-863E-226A23A8C67E}.Release|x64.Build.0 = Release|x64
		{AF51FAD4-9AE8-49BF-863E-226A23A8C67E}.Release|x86.ActiveCfg = Release|Win32
		{AF51FAD4-9AE8-49BF-863E-226A23A8C67E}.Release|x86.Build.0 = Release|Win32
	EndGlobalSection
	GlobalSection(SolutionProperties) = preSolution
		HideSolutionNode = FALSE
	EndGlobalSection
	GlobalSection(ExtensibilityGlobals) = postSolution
		SolutionGuid = {F8157830-CBA1-497E-A71E-5B0EDBCBFFCC}
	EndGlobalSection
EndGlobal
